"@hotwired/stimulus@^3.2.2":
  version "3.2.2"
  resolved "https://registry.yarnpkg.com/@hotwired/stimulus/-/stimulus-3.2.2.tgz#071aab59c600fed95b97939e605ff261a4251608"
  integrity sha512-eGeIqNOQpXoPAIP7tC1+1Yc1yl1xnwYqg+3mzqxyrbE5pg5YFBZcA6YoTiByJB6DKAEsiWtl6tjTJS4IYtbB7A==

"@hotwired/turbo-rails@^8.0.4":
  version "8.0.4"
  resolved "https://registry.yarnpkg.com/@hotwired/turbo-rails/-/turbo-rails-8.0.4.tgz#d224f524a9e33fe687cec5d706054eb6fe13fa5b"
  integrity sha512-GHCv5+B2VzYZZvMFpg/g9JLx/8pl/8chcubSB7T+Xn1zYOMqAKB6cT80vvWUzxdwfm/2KfaRysfDz+BmvtjFaw==
  dependencies:
    "@hotwired/turbo" "^8.0.4"
    "@rails/actioncable" "^7.0"

"@esbuild/linux-x64@0.21.0":
  version "0.21.0"
  resolved "https://registry.yarnpkg.com/@esbuild/linux-x64/-/linux-x64-0.21.0.tgz#37d112f95c29885996219e3e0f22aa18c8602757"
  integrity sha512-OGorpObKLm8XlhoJlxtdwECfnESXu3kd8mU1yZ5Xk0vmh0d2xoJjEXJi7y7mjFpc3+XfGQRgHq/gqyIkbufnvA==